
Microsoft Visual Studio Solution File, Format Version 12.00
# Visual Studio 2012
Project("{FAE04EC0-301F-11D3-BF4B-00C04F79EFBC}") = "PacMan", "PacMan\PacMan\PacMan.csproj", "{5F60A6EC-2A84-42DC-91A5-EAED43D449AA}"
EndProject
Project("{96E2B04D-8817-42C6-938A-82C39BA4D311}") = "PacManContent", "PacMan\PacManContent\PacManContent.contentproj", "{2B9EF4DD-2355-419F-9916-86E82D9C5004}"
EndProject
Global
	GlobalSection(SolutionConfigurationPlatforms) = preSolution
		Debug|x86 = Debug|x86
		Release|x86 = Release|x86
	EndGlobalSection
	GlobalSection(ProjectConfigurationPlatforms) = postSolution
		{5F60A6EC-2A84-42DC-91A5-EAED43D449AA}.Debug|x86.ActiveCfg = Debug|x86
		{5F60A6EC-2A84-42DC-91A5-EAED43D449AA}.Debug|x86.Build.0 = Debug|x86
		{5F60A6EC-2A84-42DC-91A5-EAED43D449AA}.Release|x86.ActiveCfg = Release|x86
		{5F60A6EC-2A84-42DC-91A5-EAED43D449AA}.Release|x86.Build.0 = Release|x86
		{2B9EF4DD-2355-419F-9916-86E82D9C5004}.Debug|x86.ActiveCfg = Debug|x86
		{2B9EF4DD-2355-419F-9916-86E82D9C5004}.Release|x86.ActiveCfg = Release|x86
	EndGlobalSection
	GlobalSection(SolutionProperties) = preSolution
		HideSolutionNode = FALSE
	EndGlobalSection
EndGlobal
